{
  "name": "@metaverse-systems/libthe-seed",
  "version": "0.1.0",
  "lockfileVersion": 3,
  "requires": true,
  "packages": {
    "": {
      "name": "@metaverse-systems/libthe-seed",
      "version": "0.1.0",
      "license": "MIT",
      "dependencies": {
        "@metaverse-systems/libecs-cpp": "file:../libecs-cpp"
      }
    },
    "../libecs-cpp": {
      "name": "@metaverse-systems/libecs-cpp",
      "version": "1.0.0",
      "license": "MIT"
    },
    "node_modules/@metaverse-systems/libecs-cpp": {
      "resolved": "../libecs-cpp",
      "link": true
    }
  }
}
